# THIS IS AN AUTOGENERATED FILE. DO NOT EDIT THIS FILE DIRECTLY.
# yarn lockfile v1


angular@^1.5.0:
  version "1.6.1"
  resolved "https://registry.yarnpkg.com/angular/-/angular-1.6.1.tgz#a7b6d763a74c157325692619e97257e69d9b6a27"

desandro-matches-selector@^2.0.0:
  version "2.0.1"
  resolved "https://registry.yarnpkg.com/desandro-matches-selector/-/desandro-matches-selector-2.0.1.tgz#2bd348d5d7605dbe475fa246af8b1feed022d05e"

draggabilly@^2.1.0:
  version "2.1.1"
  resolved "https://registry.yarnpkg.com/draggabilly/-/draggabilly-2.1.1.tgz#3a31a1fa73e4cc71c75a4bfea9acfb2dade01722"
  dependencies:
    get-size "~2.0.2"
    unidragger "~2.1.0"

ev-emitter@^1.0.0, ev-emitter@~1.0.1:
  version "1.0.3"
  resolved "https://registry.yarnpkg.com/ev-emitter/-/ev-emitter-1.0.3.tgz#ee5ef74b6ed28d911b32ddcbfc97867f580937bc"

fizzy-ui-utils@^2.0.0:
  version "2.0.3"
  resolved "https://registry.yarnpkg.com/fizzy-ui-utils/-/fizzy-ui-utils-2.0.3.tgz#4e8ae47b30ba2de32ed7a6f4cbc9fb7faf583432"
  dependencies:
    desandro-matches-selector "^2.0.0"

get-size@^2.0.2, get-size@~2.0.2:
  version "2.0.2"
  resolved "https://registry.yarnpkg.com/get-size/-/get-size-2.0.2.tgz#555ea98ab8732e0c021e9e23e2219adcbe398e98"

outlayer@^2.0.0:
  version "2.1.0"
  resolved "https://registry.yarnpkg.com/outlayer/-/outlayer-2.1.0.tgz#83b7beefc19becd3278c8ade988d268788d6f93d"
  dependencies:
    ev-emitter "^1.0.0"
    fizzy-ui-utils "^2.0.0"
    get-size "^2.0.2"

packery-angular@^1.1.0:
  version "1.1.0"
  resolved "https://registry.yarnpkg.com/packery-angular/-/packery-angular-1.1.0.tgz#902508821bd1c17212b233cfeecac58417d3ba4d"

packery@^2.0.0:
  version "2.1.1"
  resolved "https://registry.yarnpkg.com/packery/-/packery-2.1.1.tgz#ec3711e96562b5ae206641e06854f899064a1b55"
  dependencies:
    get-size "^2.0.2"
    outlayer "^2.0.0"

unidragger@~2.1.0:
  version "2.1.0"
  resolved "https://registry.yarnpkg.com/unidragger/-/unidragger-2.1.0.tgz#e4c23f5fab8188c637e776d0b3810c7d989e5561"
  dependencies:
    unipointer "~2.1.0"

unipointer@~2.1.0:
  version "2.1.0"
  resolved "https://registry.yarnpkg.com/unipointer/-/unipointer-2.1.0.tgz#b1e9fa2986c1306d97330587ba434d285ccfe37f"
  dependencies:
    ev-emitter "~1.0.1"
